
Microsoft Visual Studio Solution File, Format Version 12.00
# Visual Studio Version 17
VisualStudioVersion = 17.10.35027.167
MinimumVisualStudioVersion = 10.0.40219.1
Project("{FAE04EC0-301F-11D3-BF4B-00C04F79EFBC}") = "BusinessManager", "BusinessManager\BusinessManager.csproj", "{FB9CBE2F-B362-4C56-8DA6-C6752999E55D}"
EndProject
Global
	GlobalSection(SolutionConfigurationPlatforms) = preSolution
		Debug|Any CPU = Debug|Any CPU
		Release|Any CPU = Release|Any CPU
	EndGlobalSection
	GlobalSection(ProjectConfigurationPlatforms) = postSolution
		{FB9CBE2F-B362-4C56-8DA6-C6752999E55D}.Debug|Any CPU.ActiveCfg = Debug|Any CPU
		{FB9CBE2F-B362-4C56-8DA6-C6752999E55D}.Debug|Any CPU.Build.0 = Debug|Any CPU
		{FB9CBE2F-B362-4C56-8DA6-C6752999E55D}.Debug|Any CPU.Deploy.0 = Debug|Any CPU
		{FB9CBE2F-B362-4C56-8DA6-C6752999E55D}.Release|Any CPU.ActiveCfg = Release|Any CPU
		{FB9CBE2F-B362-4C56-8DA6-C6752999E55D}.Release|Any CPU.Build.0 = Release|Any CPU
		{FB9CBE2F-B362-4C56-8DA6-C6752999E55D}.Release|Any CPU.Deploy.0 = Release|Any CPU
	EndGlobalSection
	GlobalSection(SolutionProperties) = preSolution
		HideSolutionNode = FALSE
	EndGlobalSection
	GlobalSection(ExtensibilityGlobals) = postSolution
		SolutionGuid = {25378053-F3BA-4395-854A-DCE03AA61012}
	EndGlobalSection
EndGlobal
