Microsoft Visual Studio Solution File, Format Version 12.00
# Visual Studio Version 17
VisualStudioVersion = 17.5.2.0
MinimumVisualStudioVersion = 10.0.40219.1
Project("{FAE04EC0-301F-11D3-BF4B-00C04F79EFBC}") = "BusinessManager", "BusinessManager.csproj", "{9C466BBD-E6C5-1345-9B99-143B2D25101A}"
EndProject
Global
	GlobalSection(SolutionConfigurationPlatforms) = preSolution
		Debug|Any CPU = Debug|Any CPU
		Release|Any CPU = Release|Any CPU
	EndGlobalSection
	GlobalSection(ProjectConfigurationPlatforms) = postSolution
		{9C466BBD-E6C5-1345-9B99-143B2D25101A}.Debug|Any CPU.ActiveCfg = Debug|Any CPU
		{9C466BBD-E6C5-1345-9B99-143B2D25101A}.Debug|Any CPU.Build.0 = Debug|Any CPU
		{9C466BBD-E6C5-1345-9B99-143B2D25101A}.Release|Any CPU.ActiveCfg = Release|Any CPU
		{9C466BBD-E6C5-1345-9B99-143B2D25101A}.Release|Any CPU.Build.0 = Release|Any CPU
	EndGlobalSection
	GlobalSection(SolutionProperties) = preSolution
		HideSolutionNode = FALSE
	EndGlobalSection
	GlobalSection(ExtensibilityGlobals) = postSolution
		SolutionGuid = {DF510BFD-3270-4E3F-80BB-0D5BFF6D87D1}
	EndGlobalSection
EndGlobal
