
Microsoft Visual Studio Solution File, Format Version 12.00
# Visual Studio Version 17
VisualStudioVersion = 17.10.35027.167
MinimumVisualStudioVersion = 10.0.40219.1
Project("{FAE04EC0-301F-11D3-BF4B-00C04F79EFBC}") = "OmphulusaMashau", "OmphulusaMashau\OmphulusaMashau.csproj", "{4E728E1A-6450-472E-ADF8-5FB190EFC05D}"
EndProject
Global
	GlobalSection(SolutionConfigurationPlatforms) = preSolution
		Debug|Any CPU = Debug|Any CPU
		Release|Any CPU = Release|Any CPU
	EndGlobalSection
	GlobalSection(ProjectConfigurationPlatforms) = postSolution
		{4E728E1A-6450-472E-ADF8-5FB190EFC05D}.Debug|Any CPU.ActiveCfg = Debug|Any CPU
		{4E728E1A-6450-472E-ADF8-5FB190EFC05D}.Debug|Any CPU.Build.0 = Debug|Any CPU
		{4E728E1A-6450-472E-ADF8-5FB190EFC05D}.Release|Any CPU.ActiveCfg = Release|Any CPU
		{4E728E1A-6450-472E-ADF8-5FB190EFC05D}.Release|Any CPU.Build.0 = Release|Any CPU
	EndGlobalSection
	GlobalSection(SolutionProperties) = preSolution
		HideSolutionNode = FALSE
	EndGlobalSection
	GlobalSection(ExtensibilityGlobals) = postSolution
		SolutionGuid = {7ADB2E06-D931-4F9F-A04E-1F0AA9C197D1}
	EndGlobalSection
EndGlobal
